
Microsoft Visual Studio Solution File, Format Version 12.00
# Visual Studio Version 16
VisualStudioVersion = 16.0.32630.194
MinimumVisualStudioVersion = 10.0.40219.1
Project("{9A19103F-16F7-4668-BE54-9A1E7A4F7556}") = "Proyecto.Web", "Proyecto.Web.csproj", "{1C00274A-CC80-4A17-AC8B-0D4359051BBD}"
EndProject
Project("{9A19103F-16F7-4668-BE54-9A1E7A4F7556}") = "Proyecto.Data", "..\ProyectoDB\Proyecto.Data.csproj", "{E45FA9DF-399F-40E9-AAA0-99822F8136F5}"
EndProject
Project("{9A19103F-16F7-4668-BE54-9A1E7A4F7556}") = "Proyecto.Negocio", "..\Negocio\Proyecto.Negocio.csproj", "{2A86FE0F-1738-452C-BCBB-62BC33E05B49}"
EndProject
Project("{FAE04EC0-301F-11D3-BF4B-00C04F79EFBC}") = "Proyecto.WcfServicio", "..\Proyecto.WcfServicio\Proyecto.WcfServicio.csproj", "{71BC0C47-CD15-40D1-B220-026A0140F6DF}"
EndProject
Global
	GlobalSection(SolutionConfigurationPlatforms) = preSolution
		Debug|Any CPU = Debug|Any CPU
		Release|Any CPU = Release|Any CPU
	EndGlobalSection
	GlobalSection(ProjectConfigurationPlatforms) = postSolution
		{1C00274A-CC80-4A17-AC8B-0D4359051BBD}.Debug|Any CPU.ActiveCfg = Debug|Any CPU
		{1C00274A-CC80-4A17-AC8B-0D4359051BBD}.Debug|Any CPU.Build.0 = Debug|Any CPU
		{1C00274A-CC80-4A17-AC8B-0D4359051BBD}.Release|Any CPU.ActiveCfg = Release|Any CPU
		{1C00274A-CC80-4A17-AC8B-0D4359051BBD}.Release|Any CPU.Build.0 = Release|Any CPU
		{E45FA9DF-399F-40E9-AAA0-99822F8136F5}.Debug|Any CPU.ActiveCfg = Debug|Any CPU
		{E45FA9DF-399F-40E9-AAA0-99822F8136F5}.Debug|Any CPU.Build.0 = Debug|Any CPU
		{E45FA9DF-399F-40E9-AAA0-99822F8136F5}.Release|Any CPU.ActiveCfg = Release|Any CPU
		{E45FA9DF-399F-40E9-AAA0-99822F8136F5}.Release|Any CPU.Build.0 = Release|Any CPU
		{2A86FE0F-1738-452C-BCBB-62BC33E05B49}.Debug|Any CPU.ActiveCfg = Debug|Any CPU
		{2A86FE0F-1738-452C-BCBB-62BC33E05B49}.Debug|Any CPU.Build.0 = Debug|Any CPU
		{2A86FE0F-1738-452C-BCBB-62BC33E05B49}.Release|Any CPU.ActiveCfg = Release|Any CPU
		{2A86FE0F-1738-452C-BCBB-62BC33E05B49}.Release|Any CPU.Build.0 = Release|Any CPU
		{71BC0C47-CD15-40D1-B220-026A0140F6DF}.Debug|Any CPU.ActiveCfg = Debug|Any CPU
		{71BC0C47-CD15-40D1-B220-026A0140F6DF}.Debug|Any CPU.Build.0 = Debug|Any CPU
		{71BC0C47-CD15-40D1-B220-026A0140F6DF}.Release|Any CPU.ActiveCfg = Release|Any CPU
		{71BC0C47-CD15-40D1-B220-026A0140F6DF}.Release|Any CPU.Build.0 = Release|Any CPU
	EndGlobalSection
	GlobalSection(SolutionProperties) = preSolution
		HideSolutionNode = FALSE
	EndGlobalSection
	GlobalSection(ExtensibilityGlobals) = postSolution
		SolutionGuid = {5A519F28-5BF7-42D8-9849-F13D8B589DF2}
	EndGlobalSection
EndGlobal
